// !$*UTF8*$!
{
	archiveVersion = 1;
	classes = {
	};
	objectVersion = 55;
	objects = {

/* Begin PBXBuildFile section */
		4F7BBF2B58A79DB5795C54B9 /* Pods_EventNote.framework in Frameworks */ = {isa = PBXBuildFile; fileRef = F294DBB57595AF6E435B570C /* Pods_EventNote.framework */; };
		A5126F8B28AC448200153525 /* AddEventTableViewController.swift in Sources */ = {isa = PBXBuildFile; fileRef = A5126F8A28AC448200153525 /* AddEventTableViewController.swift */; };
		A52567FA296C2E0A00713528 /* TextViewTableViewCell.swift in Sources */ = {isa = PBXBuildFile; fileRef = A52567F9296C2E0A00713528 /* TextViewTableViewCell.swift */; };
		A53929BC28DA6AD500F03D42 /* CoreGraphics.framework in Frameworks */ = {isa = PBXBuildFile; fileRef = A53929BB28DA6AD500F03D42 /* CoreGraphics.framework */; };
		A53929BE28DA6ADC00F03D42 /* CoreLocation.framework in Frameworks */ = {isa = PBXBuildFile; fileRef = A53929BD28DA6ADC00F03D42 /* CoreLocation.framework */; };
		A53929C028DA6AEF00F03D42 /* libc++.tbd in Frameworks */ = {isa = PBXBuildFile; fileRef = A53929BF28DA6AEF00F03D42 /* libc++.tbd */; };
		A53929C228DA6AFF00F03D42 /* libz.tbd in Frameworks */ = {isa = PBXBuildFile; fileRef = A53929C128DA6AFF00F03D42 /* libz.tbd */; };
		A53929C428DA6B0F00F03D42 /* QuartzCore.framework in Frameworks */ = {isa = PBXBuildFile; fileRef = A53929C328DA6B0F00F03D42 /* QuartzCore.framework */; };
		A53929C628DA6B1600F03D42 /* UIKit.framework in Frameworks */ = {isa = PBXBuildFile; fileRef = A53929C528DA6B1600F03D42 /* UIKit.framework */; };
		A547D46928A81D0000173BA8 /* AppDelegate.swift in Sources */ = {isa = PBXBuildFile; fileRef = A547D46828A81D0000173BA8 /* AppDelegate.swift */; };
		A547D46B28A81D0000173BA8 /* SceneDelegate.swift in Sources */ = {isa = PBXBuildFile; fileRef = A547D46A28A81D0000173BA8 /* SceneDelegate.swift */; };
		A547D46D28A81D0000173BA8 /* MainViewController.swift in Sources */ = {isa = PBXBuildFile; fileRef = A547D46C28A81D0000173BA8 /* MainViewController.swift */; };
		A547D47328A81D0000173BA8 /* EventNote.xcdatamodeld in Sources */ = {isa = PBXBuildFile; fileRef = A547D47128A81D0000173BA8 /* EventNote.xcdatamodeld */; };
		A547D47528A81D0200173BA8 /* Assets.xcassets in Resources */ = {isa = PBXBuildFile; fileRef = A547D47428A81D0200173BA8 /* Assets.xcassets */; };
		A547D47828A81D0200173BA8 /* LaunchScreen.storyboard in Resources */ = {isa = PBXBuildFile; fileRef = A547D47628A81D0200173BA8 /* LaunchScreen.storyboard */; };
		A54C769F28ABF81600C479AE /* UILabel.swift in Sources */ = {isa = PBXBuildFile; fileRef = A54C769E28ABF81600C479AE /* UILabel.swift */; };
		A567D30828E23FB500EF5D75 /* SwitchTableViewCell.swift in Sources */ = {isa = PBXBuildFile; fileRef = A567D30728E23FB500EF5D75 /* SwitchTableViewCell.swift */; };
		A58EE8E12968CE8300C3BAF5 /* String+.swift in Sources */ = {isa = PBXBuildFile; fileRef = A58EE8E02968CE8300C3BAF5 /* String+.swift */; };
		A5913AB328E0DBB40030D04F /* GooglePlaceKey.swift in Sources */ = {isa = PBXBuildFile; fileRef = A5913AB228E0DBB40030D04F /* GooglePlaceKey.swift */; };
		A5973A6428DB6C6A00890DBB /* LocationModel.swift in Sources */ = {isa = PBXBuildFile; fileRef = A5973A6328DB6C6A00890DBB /* LocationModel.swift */; };
		A5BC5FB828C0E27500136552 /* ShootingReminder.swift in Sources */ = {isa = PBXBuildFile; fileRef = A5BC5FB728C0E27500136552 /* ShootingReminder.swift */; };
		A5C0C5C528DE59BA00B0EDDF /* MapAppOpt.swift in Sources */ = {isa = PBXBuildFile; fileRef = A5C0C5C428DE59BA00B0EDDF /* MapAppOpt.swift */; };
		A5C8CE5D28C4AB67009C87B1 /* Constants.swift in Sources */ = {isa = PBXBuildFile; fileRef = A5C8CE5C28C4AB67009C87B1 /* Constants.swift */; };
		A5D4D9D428DA351C002BDBC5 /* MapViewController.swift in Sources */ = {isa = PBXBuildFile; fileRef = A5D4D9D328DA351C002BDBC5 /* MapViewController.swift */; };
		A5D87DF428CFB04A0092022E /* EventEntityModel.swift in Sources */ = {isa = PBXBuildFile; fileRef = A5D87DF328CFB04A0092022E /* EventEntityModel.swift */; };
		A5DE68AE28ACFDDF00C34183 /* ListTableViewCell.swift in Sources */ = {isa = PBXBuildFile; fileRef = A5DE68AD28ACFDDF00C34183 /* ListTableViewCell.swift */; };
		A5DE68B028AD05D500C34183 /* AddEventTableViewHeader.swift in Sources */ = {isa = PBXBuildFile; fileRef = A5DE68AF28AD05D500C34183 /* AddEventTableViewHeader.swift */; };
		A5DE68B228AD415700C34183 /* KindOfAlertListTableViewController.swift in Sources */ = {isa = PBXBuildFile; fileRef = A5DE68B128AD415700C34183 /* KindOfAlertListTableViewController.swift */; };
		A5DE68B428AEC2EA00C34183 /* KindOfShootingTableViewController.swift in Sources */ = {isa = PBXBuildFile; fileRef = A5DE68B328AEC2EA00C34183 /* KindOfShootingTableViewController.swift */; };
		A5DE68B728AEC55300C34183 /* AmountOfHoursListTableViewController.swift in Sources */ = {isa = PBXBuildFile; fileRef = A5DE68B628AEC55300C34183 /* AmountOfHoursListTableViewController.swift */; };
		A5DE68B928AECF3700C34183 /* KindOfShootingList.swift in Sources */ = {isa = PBXBuildFile; fileRef = A5DE68B828AECF3700C34183 /* KindOfShootingList.swift */; };
		A5DE68BB28AED66E00C34183 /* KindOfAlertList.swift in Sources */ = {isa = PBXBuildFile; fileRef = A5DE68BA28AED66E00C34183 /* KindOfAlertList.swift */; };
		A5DE68BD28AEE57700C34183 /* AddEventCellNameType.swift in Sources */ = {isa = PBXBuildFile; fileRef = A5DE68BC28AEE57700C34183 /* AddEventCellNameType.swift */; };
		A5DE68BF28AFD96600C34183 /* TextFieldTableViewCell.swift in Sources */ = {isa = PBXBuildFile; fileRef = A5DE68BE28AFD96600C34183 /* TextFieldTableViewCell.swift */; };
		A5DE68C128AFF9DA00C34183 /* DatePickerTableViewCell.swift in Sources */ = {isa = PBXBuildFile; fileRef = A5DE68C028AFF9DA00C34183 /* DatePickerTableViewCell.swift */; };
		A5E28113296AC61200F078EB /* String+Localized.swift in Sources */ = {isa = PBXBuildFile; fileRef = A5E28112296AC61200F078EB /* String+Localized.swift */; };
		A5E28116296AC85900F078EB /* Localizable.strings in Resources */ = {isa = PBXBuildFile; fileRef = A5E28118296AC85900F078EB /* Localizable.strings */; };
		A5E5619628AA362B00DC4E3E /* ScheduleCollectionViewCell.swift in Sources */ = {isa = PBXBuildFile; fileRef = A5E5619528AA362B00DC4E3E /* ScheduleCollectionViewCell.swift */; };
		A5E5619828AA3E6100DC4E3E /* EventDetailsViewController.swift in Sources */ = {isa = PBXBuildFile; fileRef = A5E5619728AA3E6100DC4E3E /* EventDetailsViewController.swift */; };
		A5E77F2128DA6194002FC27E /* GooglePlaces.xcframework in Frameworks */ = {isa = PBXBuildFile; fileRef = A5E77F2028DA6194002FC27E /* GooglePlaces.xcframework */; };
		A5E77F2528DA6233002FC27E /* GooglePlaces.bundle in Resources */ = {isa = PBXBuildFile; fileRef = A5E77F2428DA6233002FC27E /* GooglePlaces.bundle */; };
		A5E77F2728DA6329002FC27E /* GooglePlacesManager.swift in Sources */ = {isa = PBXBuildFile; fileRef = A5E77F2628DA6329002FC27E /* GooglePlacesManager.swift */; };
		A5F0ECF428CD32F3001D1354 /* EventModel.swift in Sources */ = {isa = PBXBuildFile; fileRef = A5F0ECF328CD32F3001D1354 /* EventModel.swift */; };
		A5F170EF28C8816500B2059A /* TabBarController.swift in Sources */ = {isa = PBXBuildFile; fileRef = A5F170EE28C8816500B2059A /* TabBarController.swift */; };
		A5F170F128C8836300B2059A /* DeadlineViewController.swift in Sources */ = {isa = PBXBuildFile; fileRef = A5F170F028C8836300B2059A /* DeadlineViewController.swift */; };
		A5F170F328C8912800B2059A /* DeadlinesList.swift in Sources */ = {isa = PBXBuildFile; fileRef = A5F170F228C8912800B2059A /* DeadlinesList.swift */; };
		A5F170F528C892FE00B2059A /* DeadlinesListTableViewController.swift in Sources */ = {isa = PBXBuildFile; fileRef = A5F170F428C892FE00B2059A /* DeadlinesListTableViewController.swift */; };
		A5F170F728C8B45500B2059A /* DeadlineCollectionViewCell.swift in Sources */ = {isa = PBXBuildFile; fileRef = A5F170F628C8B45500B2059A /* DeadlineCollectionViewCell.swift */; };
/* End PBXBuildFile section */

/* Begin PBXFileReference section */
		214843824417410227A0911F /* Pods-EventNote.debug.xcconfig */ = {isa = PBXFileReference; includeInIndex = 1; lastKnownFileType = text.xcconfig; name = "Pods-EventNote.debug.xcconfig"; path = "Target Support Files/Pods-EventNote/Pods-EventNote.debug.xcconfig"; sourceTree = "<group>"; };
		A5126F8A28AC448200153525 /* AddEventTableViewController.swift */ = {isa = PBXFileReference; lastKnownFileType = sourcecode.swift; path = AddEventTableViewController.swift; sourceTree = "<group>"; };
		A52567F9296C2E0A00713528 /* TextViewTableViewCell.swift */ = {isa = PBXFileReference; lastKnownFileType = sourcecode.swift; path = TextViewTableViewCell.swift; sourceTree = "<group>"; };
		A53929BB28DA6AD500F03D42 /* CoreGraphics.framework */ = {isa = PBXFileReference; lastKnownFileType = wrapper.framework; name = CoreGraphics.framework; path = System/Library/Frameworks/CoreGraphics.framework; sourceTree = SDKROOT; };
		A53929BD28DA6ADC00F03D42 /* CoreLocation.framework */ = {isa = PBXFileReference; lastKnownFileType = wrapper.framework; name = CoreLocation.framework; path = System/Library/Frameworks/CoreLocation.framework; sourceTree = SDKROOT; };
		A53929BF28DA6AEF00F03D42 /* libc++.tbd */ = {isa = PBXFileReference; lastKnownFileType = "sourcecode.text-based-dylib-definition"; name = "libc++.tbd"; path = "usr/lib/libc++.tbd"; sourceTree = SDKROOT; };
		A53929C128DA6AFF00F03D42 /* libz.tbd */ = {isa = PBXFileReference; lastKnownFileType = "sourcecode.text-based-dylib-definition"; name = libz.tbd; path = usr/lib/libz.tbd; sourceTree = SDKROOT; };
		A53929C328DA6B0F00F03D42 /* QuartzCore.framework */ = {isa = PBXFileReference; lastKnownFileType = wrapper.framework; name = QuartzCore.framework; path = System/Library/Frameworks/QuartzCore.framework; sourceTree = SDKROOT; };
		A53929C528DA6B1600F03D42 /* UIKit.framework */ = {isa = PBXFileReference; lastKnownFileType = wrapper.framework; name = UIKit.framework; path = System/Library/Frameworks/UIKit.framework; sourceTree = SDKROOT; };
		A547D46528A81D0000173BA8 /* EventNote.app */ = {isa = PBXFileReference; explicitFileType = wrapper.application; includeInIndex = 0; path = EventNote.app; sourceTree = BUILT_PRODUCTS_DIR; };
		A547D46828A81D0000173BA8 /* AppDelegate.swift */ = {isa = PBXFileReference; lastKnownFileType = sourcecode.swift; path = AppDelegate.swift; sourceTree = "<group>"; };
		A547D46A28A81D0000173BA8 /* SceneDelegate.swift */ = {isa = PBXFileReference; lastKnownFileType = sourcecode.swift; path = SceneDelegate.swift; sourceTree = "<group>"; };
		A547D46C28A81D0000173BA8 /* MainViewController.swift */ = {isa = PBXFileReference; lastKnownFileType = sourcecode.swift; path = MainViewController.swift; sourceTree = "<group>"; };
		A547D47228A81D0000173BA8 /* EventNote.xcdatamodel */ = {isa = PBXFileReference; lastKnownFileType = wrapper.xcdatamodel; path = EventNote.xcdatamodel; sourceTree = "<group>"; };
		A547D47428A81D0200173BA8 /* Assets.xcassets */ = {isa = PBXFileReference; lastKnownFileType = folder.assetcatalog; path = Assets.xcassets; sourceTree = "<group>"; };
		A547D47728A81D0200173BA8 /* Base */ = {isa = PBXFileReference; lastKnownFileType = file.storyboard; name = Base; path = Base.lproj/LaunchScreen.storyboard; sourceTree = "<group>"; };
		A547D47928A81D0200173BA8 /* Info.plist */ = {isa = PBXFileReference; lastKnownFileType = text.plist.xml; path = Info.plist; sourceTree = "<group>"; };
		A54C769E28ABF81600C479AE /* UILabel.swift */ = {isa = PBXFileReference; lastKnownFileType = sourcecode.swift; path = UILabel.swift; sourceTree = "<group>"; };
		A567D30728E23FB500EF5D75 /* SwitchTableViewCell.swift */ = {isa = PBXFileReference; lastKnownFileType = sourcecode.swift; path = SwitchTableViewCell.swift; sourceTree = "<group>"; };
		A58EE8E02968CE8300C3BAF5 /* String+.swift */ = {isa = PBXFileReference; lastKnownFileType = sourcecode.swift; path = "String+.swift"; sourceTree = "<group>"; };
		A5913AB228E0DBB40030D04F /* GooglePlaceKey.swift */ = {isa = PBXFileReference; lastKnownFileType = sourcecode.swift; path = GooglePlaceKey.swift; sourceTree = "<group>"; };
		A5973A6328DB6C6A00890DBB /* LocationModel.swift */ = {isa = PBXFileReference; lastKnownFileType = sourcecode.swift; path = LocationModel.swift; sourceTree = "<group>"; };
		A5BC5FB728C0E27500136552 /* ShootingReminder.swift */ = {isa = PBXFileReference; lastKnownFileType = sourcecode.swift; path = ShootingReminder.swift; sourceTree = "<group>"; };
		A5C0C5C428DE59BA00B0EDDF /* MapAppOpt.swift */ = {isa = PBXFileReference; lastKnownFileType = sourcecode.swift; path = MapAppOpt.swift; sourceTree = "<group>"; };
		A5C8CE5C28C4AB67009C87B1 /* Constants.swift */ = {isa = PBXFileReference; lastKnownFileType = sourcecode.swift; path = Constants.swift; sourceTree = "<group>"; };
		A5D4D9D328DA351C002BDBC5 /* MapViewController.swift */ = {isa = PBXFileReference; lastKnownFileType = sourcecode.swift; path = MapViewController.swift; sourceTree = "<group>"; };
		A5D87DF328CFB04A0092022E /* EventEntityModel.swift */ = {isa = PBXFileReference; lastKnownFileType = sourcecode.swift; path = EventEntityModel.swift; sourceTree = "<group>"; };
		A5DE68AD28ACFDDF00C34183 /* ListTableViewCell.swift */ = {isa = PBXFileReference; lastKnownFileType = sourcecode.swift; path = ListTableViewCell.swift; sourceTree = "<group>"; };
		A5DE68AF28AD05D500C34183 /* AddEventTableViewHeader.swift */ = {isa = PBXFileReference; lastKnownFileType = sourcecode.swift; path = AddEventTableViewHeader.swift; sourceTree = "<group>"; };
		A5DE68B128AD415700C34183 /* KindOfAlertListTableViewController.swift */ = {isa = PBXFileReference; lastKnownFileType = sourcecode.swift; path = KindOfAlertListTableViewController.swift; sourceTree = "<group>"; };
		A5DE68B328AEC2EA00C34183 /* KindOfShootingTableViewController.swift */ = {isa = PBXFileReference; lastKnownFileType = sourcecode.swift; path = KindOfShootingTableViewController.swift; sourceTree = "<group>"; };
		A5DE68B628AEC55300C34183 /* AmountOfHoursListTableViewController.swift */ = {isa = PBXFileReference; lastKnownFileType = sourcecode.swift; path = AmountOfHoursListTableViewController.swift; sourceTree = "<group>"; };
		A5DE68B828AECF3700C34183 /* KindOfShootingList.swift */ = {isa = PBXFileReference; lastKnownFileType = sourcecode.swift; path = KindOfShootingList.swift; sourceTree = "<group>"; };
		A5DE68BA28AED66E00C34183 /* KindOfAlertList.swift */ = {isa = PBXFileReference; lastKnownFileType = sourcecode.swift; path = KindOfAlertList.swift; sourceTree = "<group>"; };
		A5DE68BC28AEE57700C34183 /* AddEventCellNameType.swift */ = {isa = PBXFileReference; lastKnownFileType = sourcecode.swift; path = AddEventCellNameType.swift; sourceTree = "<group>"; };
		A5DE68BE28AFD96600C34183 /* TextFieldTableViewCell.swift */ = {isa = PBXFileReference; lastKnownFileType = sourcecode.swift; path = TextFieldTableViewCell.swift; sourceTree = "<group>"; };
		A5DE68C028AFF9DA00C34183 /* DatePickerTableViewCell.swift */ = {isa = PBXFileReference; lastKnownFileType = sourcecode.swift; path = DatePickerTableViewCell.swift; sourceTree = "<group>"; };
		A5E28112296AC61200F078EB /* String+Localized.swift */ = {isa = PBXFileReference; lastKnownFileType = sourcecode.swift; path = "String+Localized.swift"; sourceTree = "<group>"; };
		A5E28117296AC85900F078EB /* en */ = {isa = PBXFileReference; lastKnownFileType = text.plist.strings; name = en; path = en.lproj/Localizable.strings; sourceTree = "<group>"; };
		A5E28119296AC88D00F078EB /* ru */ = {isa = PBXFileReference; lastKnownFileType = text.plist.strings; name = ru; path = ru.lproj/Localizable.strings; sourceTree = "<group>"; };
		A5E2811A296ACB3200F078EB /* uk */ = {isa = PBXFileReference; lastKnownFileType = text.plist.strings; name = uk; path = uk.lproj/Localizable.strings; sourceTree = "<group>"; };
		A5E5619528AA362B00DC4E3E /* ScheduleCollectionViewCell.swift */ = {isa = PBXFileReference; lastKnownFileType = sourcecode.swift; path = ScheduleCollectionViewCell.swift; sourceTree = "<group>"; };
		A5E5619728AA3E6100DC4E3E /* EventDetailsViewController.swift */ = {isa = PBXFileReference; lastKnownFileType = sourcecode.swift; path = EventDetailsViewController.swift; sourceTree = "<group>"; };
		A5E77F2028DA6194002FC27E /* GooglePlaces.xcframework */ = {isa = PBXFileReference; lastKnownFileType = wrapper.xcframework; name = GooglePlaces.xcframework; path = "../../../GooglePlaces-7.1.0-beta/GooglePlaces.xcframework"; sourceTree = "<group>"; };
		A5E77F2428DA6233002FC27E /* GooglePlaces.bundle */ = {isa = PBXFileReference; lastKnownFileType = "wrapper.plug-in"; name = GooglePlaces.bundle; path = "../../../../GooglePlaces-7.1.0-beta/GooglePlaces.xcframework/ios-arm64/GooglePlaces.framework/Resources/GooglePlaces.bundle"; sourceTree = "<group>"; };
		A5E77F2628DA6329002FC27E /* GooglePlacesManager.swift */ = {isa = PBXFileReference; lastKnownFileType = sourcecode.swift; path = GooglePlacesManager.swift; sourceTree = "<group>"; };
		A5F0ECF328CD32F3001D1354 /* EventModel.swift */ = {isa = PBXFileReference; lastKnownFileType = sourcecode.swift; path = EventModel.swift; sourceTree = "<group>"; };
		A5F170EE28C8816500B2059A /* TabBarController.swift */ = {isa = PBXFileReference; lastKnownFileType = sourcecode.swift; path = TabBarController.swift; sourceTree = "<group>"; };
		A5F170F028C8836300B2059A /* DeadlineViewController.swift */ = {isa = PBXFileReference; lastKnownFileType = sourcecode.swift; path = DeadlineViewController.swift; sourceTree = "<group>"; };
		A5F170F228C8912800B2059A /* DeadlinesList.swift */ = {isa = PBXFileReference; lastKnownFileType = sourcecode.swift; path = DeadlinesList.swift; sourceTree = "<group>"; };
		A5F170F428C892FE00B2059A /* DeadlinesListTableViewController.swift */ = {isa = PBXFileReference; lastKnownFileType = sourcecode.swift; path = DeadlinesListTableViewController.swift; sourceTree = "<group>"; };
		A5F170F628C8B45500B2059A /* DeadlineCollectionViewCell.swift */ = {isa = PBXFileReference; lastKnownFileType = sourcecode.swift; path = DeadlineCollectionViewCell.swift; sourceTree = "<group>"; };
		E4E3D2E7E9EDC120441B0F0C /* Pods-EventNote.release.xcconfig */ = {isa = PBXFileReference; includeInIndex = 1; lastKnownFileType = text.xcconfig; name = "Pods-EventNote.release.xcconfig"; path = "Target Support Files/Pods-EventNote/Pods-EventNote.release.xcconfig"; sourceTree = "<group>"; };
		F294DBB57595AF6E435B570C /* Pods_EventNote.framework */ = {isa = PBXFileReference; explicitFileType = wrapper.framework; includeInIndex = 0; path = Pods_EventNote.framework; sourceTree = BUILT_PRODUCTS_DIR; };
/* End PBXFileReference section */

/* Begin PBXFrameworksBuildPhase section */
		A547D46228A81D0000173BA8 /* Frameworks */ = {
			isa = PBXFrameworksBuildPhase;
			buildActionMask = 2147483647;
			files = (
				A53929C628DA6B1600F03D42 /* UIKit.framework in Frameworks */,
				A53929C428DA6B0F00F03D42 /* QuartzCore.framework in Frameworks */,
				A53929C228DA6AFF00F03D42 /* libz.tbd in Frameworks */,
				A53929C028DA6AEF00F03D42 /* libc++.tbd in Frameworks */,
				A53929BE28DA6ADC00F03D42 /* CoreLocation.framework in Frameworks */,
				A53929BC28DA6AD500F03D42 /* CoreGraphics.framework in Frameworks */,
				A5E77F2128DA6194002FC27E /* GooglePlaces.xcframework in Frameworks */,
				4F7BBF2B58A79DB5795C54B9 /* Pods_EventNote.framework in Frameworks */,
			);
			runOnlyForDeploymentPostprocessing = 0;
		};
/* End PBXFrameworksBuildPhase section */

/* Begin PBXGroup section */
		1E4A62921124369B5FB573B8 /* Pods */ = {
			isa = PBXGroup;
			children = (
				214843824417410227A0911F /* Pods-EventNote.debug.xcconfig */,
				E4E3D2E7E9EDC120441B0F0C /* Pods-EventNote.release.xcconfig */,
			);
			path = Pods;
			sourceTree = "<group>";
		};
		9A182D316C1528C8285447A8 /* Frameworks */ = {
			isa = PBXGroup;
			children = (
				A53929C528DA6B1600F03D42 /* UIKit.framework */,
				A53929C328DA6B0F00F03D42 /* QuartzCore.framework */,
				A53929C128DA6AFF00F03D42 /* libz.tbd */,
				A53929BF28DA6AEF00F03D42 /* libc++.tbd */,
				A53929BD28DA6ADC00F03D42 /* CoreLocation.framework */,
				A53929BB28DA6AD500F03D42 /* CoreGraphics.framework */,
				A5E77F2028DA6194002FC27E /* GooglePlaces.xcframework */,
				F294DBB57595AF6E435B570C /* Pods_EventNote.framework */,
			);
			name = Frameworks;
			sourceTree = "<group>";
		};
		A547D45C28A81D0000173BA8 = {
			isa = PBXGroup;
			children = (
				A547D46728A81D0000173BA8 /* EventNote */,
				A547D46628A81D0000173BA8 /* Products */,
				1E4A62921124369B5FB573B8 /* Pods */,
				9A182D316C1528C8285447A8 /* Frameworks */,
			);
			sourceTree = "<group>";
		};
		A547D46628A81D0000173BA8 /* Products */ = {
			isa = PBXGroup;
			children = (
				A547D46528A81D0000173BA8 /* EventNote.app */,
			);
			name = Products;
			sourceTree = "<group>";
		};
		A547D46728A81D0000173BA8 /* EventNote */ = {
			isa = PBXGroup;
			children = (
				A547D46828A81D0000173BA8 /* AppDelegate.swift */,
				A547D46A28A81D0000173BA8 /* SceneDelegate.swift */,
				A5FE847628B17A33002AA152 /* Services */,
				A547D48128A825AC00173BA8 /* Model */,
				A5DE68AB28ACFC9700C34183 /* View */,
				A5DE68AC28ACFCE800C34183 /* Controller */,
				A54C769D28ABF74D00C479AE /* Extensions */,
				A5913AB128E0DB840030D04F /* Constants */,
				A547D47428A81D0200173BA8 /* Assets.xcassets */,
				A547D47628A81D0200173BA8 /* LaunchScreen.storyboard */,
				A547D47928A81D0200173BA8 /* Info.plist */,
				A547D47128A81D0000173BA8 /* EventNote.xcdatamodeld */,
				A5E77F2428DA6233002FC27E /* GooglePlaces.bundle */,
				A5E28118296AC85900F078EB /* Localizable.strings */,
			);
			path = EventNote;
			sourceTree = "<group>";
		};
		A547D48128A825AC00173BA8 /* Model */ = {
			isa = PBXGroup;
			children = (
				A5D87DF328CFB04A0092022E /* EventEntityModel.swift */,
				A5F0ECF328CD32F3001D1354 /* EventModel.swift */,
				A5DE68B828AECF3700C34183 /* KindOfShootingList.swift */,
				A5F170F228C8912800B2059A /* DeadlinesList.swift */,
				A5DE68BA28AED66E00C34183 /* KindOfAlertList.swift */,
				A5DE68BC28AEE57700C34183 /* AddEventCellNameType.swift */,
				A5C8CE5C28C4AB67009C87B1 /* Constants.swift */,
				A5973A6328DB6C6A00890DBB /* LocationModel.swift */,
			);
			path = Model;
			sourceTree = "<group>";
		};
		A54C769D28ABF74D00C479AE /* Extensions */ = {
			isa = PBXGroup;
			children = (
				A54C769E28ABF81600C479AE /* UILabel.swift */,
				A58EE8E02968CE8300C3BAF5 /* String+.swift */,
				A5E28112296AC61200F078EB /* String+Localized.swift */,
			);
			path = Extensions;
			sourceTree = "<group>";
		};
		A5913AB128E0DB840030D04F /* Constants */ = {
			isa = PBXGroup;
			children = (
				A5913AB228E0DBB40030D04F /* GooglePlaceKey.swift */,
			);
			path = Constants;
			sourceTree = "<group>";
		};
		A5C0C5C328DE599C00B0EDDF /* Alert */ = {
			isa = PBXGroup;
			children = (
				A5C0C5C428DE59BA00B0EDDF /* MapAppOpt.swift */,
			);
			path = Alert;
			sourceTree = "<group>";
		};
		A5D4D9D228DA34E1002BDBC5 /* Map */ = {
			isa = PBXGroup;
			children = (
				A5D4D9D328DA351C002BDBC5 /* MapViewController.swift */,
			);
			path = Map;
			sourceTree = "<group>";
		};
		A5DE68AB28ACFC9700C34183 /* View */ = {
			isa = PBXGroup;
			children = (
				A5DE68AD28ACFDDF00C34183 /* ListTableViewCell.swift */,
				A5DE68BE28AFD96600C34183 /* TextFieldTableViewCell.swift */,
				A5DE68C028AFF9DA00C34183 /* DatePickerTableViewCell.swift */,
				A5DE68AF28AD05D500C34183 /* AddEventTableViewHeader.swift */,
				A5E5619528AA362B00DC4E3E /* ScheduleCollectionViewCell.swift */,
				A5F170F628C8B45500B2059A /* DeadlineCollectionViewCell.swift */,
				A567D30728E23FB500EF5D75 /* SwitchTableViewCell.swift */,
				A52567F9296C2E0A00713528 /* TextViewTableViewCell.swift */,
			);
			path = View;
			sourceTree = "<group>";
		};
		A5DE68AC28ACFCE800C34183 /* Controller */ = {
			isa = PBXGroup;
			children = (
				A5F170EE28C8816500B2059A /* TabBarController.swift */,
				A547D46C28A81D0000173BA8 /* MainViewController.swift */,
				A5F170F028C8836300B2059A /* DeadlineViewController.swift */,
				A5126F8A28AC448200153525 /* AddEventTableViewController.swift */,
				A5E5619728AA3E6100DC4E3E /* EventDetailsViewController.swift */,
				A5D4D9D228DA34E1002BDBC5 /* Map */,
				A5C0C5C328DE599C00B0EDDF /* Alert */,
				A5DE68B528AEC52D00C34183 /* Lists */,
			);
			path = Controller;
			sourceTree = "<group>";
		};
		A5DE68B528AEC52D00C34183 /* Lists */ = {
			isa = PBXGroup;
			children = (
				A5DE68B328AEC2EA00C34183 /* KindOfShootingTableViewController.swift */,
				A5F170F428C892FE00B2059A /* DeadlinesListTableViewController.swift */,
				A5DE68B628AEC55300C34183 /* AmountOfHoursListTableViewController.swift */,
				A5DE68B128AD415700C34183 /* KindOfAlertListTableViewController.swift */,
			);
			path = Lists;
			sourceTree = "<group>";
		};
		A5FE847628B17A33002AA152 /* Services */ = {
			isa = PBXGroup;
			children = (
				A5BC5FB728C0E27500136552 /* ShootingReminder.swift */,
				A5E77F2628DA6329002FC27E /* GooglePlacesManager.swift */,
			);
			path = Services;
			sourceTree = "<group>";
		};
/* End PBXGroup section */

/* Begin PBXNativeTarget section */
		A547D46428A81D0000173BA8 /* EventNote */ = {
			isa = PBXNativeTarget;
			buildConfigurationList = A547D47C28A81D0200173BA8 /* Build configuration list for PBXNativeTarget "EventNote" */;
			buildPhases = (
				11C63613F106FABB67821C15 /* [CP] Check Pods Manifest.lock */,
				A547D46128A81D0000173BA8 /* Sources */,
				A547D46228A81D0000173BA8 /* Frameworks */,
				A547D46328A81D0000173BA8 /* Resources */,
				40C48775EFF450FCCBCF6415 /* [CP] Embed Pods Frameworks */,
			);
			buildRules = (
			);
			dependencies = (
			);
			name = EventNote;
			productName = EventNote;
			productReference = A547D46528A81D0000173BA8 /* EventNote.app */;
			productType = "com.apple.product-type.application";
		};
/* End PBXNativeTarget section */

/* Begin PBXProject section */
		A547D45D28A81D0000173BA8 /* Project object */ = {
			isa = PBXProject;
			attributes = {
				BuildIndependentTargetsInParallel = 1;
				LastSwiftUpdateCheck = 1340;
				LastUpgradeCheck = 1340;
				TargetAttributes = {
					A547D46428A81D0000173BA8 = {
						CreatedOnToolsVersion = 13.4.1;
					};
				};
			};
			buildConfigurationList = A547D46028A81D0000173BA8 /* Build configuration list for PBXProject "EventNote" */;
			compatibilityVersion = "Xcode 13.0";
			developmentRegion = en;
			hasScannedForEncodings = 0;
			knownRegions = (
				en,
				Base,
				ru,
				uk,
			);
			mainGroup = A547D45C28A81D0000173BA8;
			productRefGroup = A547D46628A81D0000173BA8 /* Products */;
			projectDirPath = "";
			projectRoot = "";
			targets = (
				A547D46428A81D0000173BA8 /* EventNote */,
			);
		};
/* End PBXProject section */

/* Begin PBXResourcesBuildPhase section */
		A547D46328A81D0000173BA8 /* Resources */ = {
			isa = PBXResourcesBuildPhase;
			buildActionMask = 2147483647;
			files = (
				A547D47828A81D0200173BA8 /* LaunchScreen.storyboard in Resources */,
				A5E28116296AC85900F078EB /* Localizable.strings in Resources */,
				A5E77F2528DA6233002FC27E /* GooglePlaces.bundle in Resources */,
				A547D47528A81D0200173BA8 /* Assets.xcassets in Resources */,
			);
			runOnlyForDeploymentPostprocessing = 0;
		};
/* End PBXResourcesBuildPhase section */

/* Begin PBXShellScriptBuildPhase section */
		11C63613F106FABB67821C15 /* [CP] Check Pods Manifest.lock */ = {
			isa = PBXShellScriptBuildPhase;
			buildActionMask = 2147483647;
			files = (
			);
			inputFileListPaths = (
			);
			inputPaths = (
				"${PODS_PODFILE_DIR_PATH}/Podfile.lock",
				"${PODS_ROOT}/Manifest.lock",
			);
			name = "[CP] Check Pods Manifest.lock";
			outputFileListPaths = (
			);
			outputPaths = (
				"$(DERIVED_FILE_DIR)/Pods-EventNote-checkManifestLockResult.txt",
			);
			runOnlyForDeploymentPostprocessing = 0;
			shellPath = /bin/sh;
			shellScript = "diff \"${PODS_PODFILE_DIR_PATH}/Podfile.lock\" \"${PODS_ROOT}/Manifest.lock\" > /dev/null\nif [ $? != 0 ] ; then\n    # print error to STDERR\n    echo \"error: The sandbox is not in sync with the Podfile.lock. Run 'pod install' or update your CocoaPods installation.\" >&2\n    exit 1\nfi\n# This output is used by Xcode 'outputs' to avoid re-running this script phase.\necho \"SUCCESS\" > \"${SCRIPT_OUTPUT_FILE_0}\"\n";
			showEnvVarsInLog = 0;
		};
		40C48775EFF450FCCBCF6415 /* [CP] Embed Pods Frameworks */ = {
			isa = PBXShellScriptBuildPhase;
			buildActionMask = 2147483647;
			files = (
			);
			inputFileListPaths = (
				"${PODS_ROOT}/Target Support Files/Pods-EventNote/Pods-EventNote-frameworks-${CONFIGURATION}-input-files.xcfilelist",
			);
			name = "[CP] Embed Pods Frameworks";
			outputFileListPaths = (
				"${PODS_ROOT}/Target Support Files/Pods-EventNote/Pods-EventNote-frameworks-${CONFIGURATION}-output-files.xcfilelist",
			);
			runOnlyForDeploymentPostprocessing = 0;
			shellPath = /bin/sh;
			shellScript = "\"${PODS_ROOT}/Target Support Files/Pods-EventNote/Pods-EventNote-frameworks.sh\"\n";
			showEnvVarsInLog = 0;
		};
/* End PBXShellScriptBuildPhase section */

/* Begin PBXSourcesBuildPhase section */
		A547D46128A81D0000173BA8 /* Sources */ = {
			isa = PBXSourcesBuildPhase;
			buildActionMask = 2147483647;
			files = (
				A5E5619628AA362B00DC4E3E /* ScheduleCollectionViewCell.swift in Sources */,
				A5C8CE5D28C4AB67009C87B1 /* Constants.swift in Sources */,
				A567D30828E23FB500EF5D75 /* SwitchTableViewCell.swift in Sources */,
				A5DE68B028AD05D500C34183 /* AddEventTableViewHeader.swift in Sources */,
				A5E28113296AC61200F078EB /* String+Localized.swift in Sources */,
				A5C0C5C528DE59BA00B0EDDF /* MapAppOpt.swift in Sources */,
				A547D46D28A81D0000173BA8 /* MainViewController.swift in Sources */,
				A5F170F128C8836300B2059A /* DeadlineViewController.swift in Sources */,
				A5DE68BD28AEE57700C34183 /* AddEventCellNameType.swift in Sources */,
				A5DE68AE28ACFDDF00C34183 /* ListTableViewCell.swift in Sources */,
				A5BC5FB828C0E27500136552 /* ShootingReminder.swift in Sources */,
				A5DE68B728AEC55300C34183 /* AmountOfHoursListTableViewController.swift in Sources */,
				A5D87DF428CFB04A0092022E /* EventEntityModel.swift in Sources */,
				A5DE68C128AFF9DA00C34183 /* DatePickerTableViewCell.swift in Sources */,
				A5F170F528C892FE00B2059A /* DeadlinesListTableViewController.swift in Sources */,
				A58EE8E12968CE8300C3BAF5 /* String+.swift in Sources */,
				A547D46928A81D0000173BA8 /* AppDelegate.swift in Sources */,
				A52567FA296C2E0A00713528 /* TextViewTableViewCell.swift in Sources */,
				A5E77F2728DA6329002FC27E /* GooglePlacesManager.swift in Sources */,
				A5DE68B228AD415700C34183 /* KindOfAlertListTableViewController.swift in Sources */,
				A5E5619828AA3E6100DC4E3E /* EventDetailsViewController.swift in Sources */,
				A5DE68B928AECF3700C34183 /* KindOfShootingList.swift in Sources */,
				A5F170EF28C8816500B2059A /* TabBarController.swift in Sources */,
				A547D47328A81D0000173BA8 /* EventNote.xcdatamodeld in Sources */,
				A5DE68B428AEC2EA00C34183 /* KindOfShootingTableViewController.swift in Sources */,
				A5126F8B28AC448200153525 /* AddEventTableViewController.swift in Sources */,
				A54C769F28ABF81600C479AE /* UILabel.swift in Sources */,
				A5F0ECF428CD32F3001D1354 /* EventModel.swift in Sources */,
				A5F170F728C8B45500B2059A /* DeadlineCollectionViewCell.swift in Sources */,
				A5DE68BF28AFD96600C34183 /* TextFieldTableViewCell.swift in Sources */,
				A5913AB328E0DBB40030D04F /* GooglePlaceKey.swift in Sources */,
				A547D46B28A81D0000173BA8 /* SceneDelegate.swift in Sources */,
				A5DE68BB28AED66E00C34183 /* KindOfAlertList.swift in Sources */,
				A5F170F328C8912800B2059A /* DeadlinesList.swift in Sources */,
				A5973A6428DB6C6A00890DBB /* LocationModel.swift in Sources */,
				A5D4D9D428DA351C002BDBC5 /* MapViewController.swift in Sources */,
			);
			runOnlyForDeploymentPostprocessing = 0;
		};
/* End PBXSourcesBuildPhase section */

/* Begin PBXVariantGroup section */
		A547D47628A81D0200173BA8 /* LaunchScreen.storyboard */ = {
			isa = PBXVariantGroup;
			children = (
				A547D47728A81D0200173BA8 /* Base */,
			);
			name = LaunchScreen.storyboard;
			sourceTree = "<group>";
		};
		A5E28118296AC85900F078EB /* Localizable.strings */ = {
			isa = PBXVariantGroup;
			children = (
				A5E28117296AC85900F078EB /* en */,
				A5E28119296AC88D00F078EB /* ru */,
				A5E2811A296ACB3200F078EB /* uk */,
			);
			name = Localizable.strings;
			sourceTree = "<group>";
		};
/* End PBXVariantGroup section */

/* Begin XCBuildConfiguration section */
		A547D47A28A81D0200173BA8 /* Debug */ = {
			isa = XCBuildConfiguration;
			buildSettings = {
				ALWAYS_SEARCH_USER_PATHS = NO;
				CLANG_ANALYZER_LOCALIZABILITY_NONLOCALIZED = YES;
				CLANG_ANALYZER_NONNULL = YES;
				CLANG_ANALYZER_NUMBER_OBJECT_CONVERSION = YES_AGGRESSIVE;
				CLANG_CXX_LANGUAGE_STANDARD = "gnu++17";
				CLANG_ENABLE_MODULES = YES;
				CLANG_ENABLE_OBJC_ARC = YES;
				CLANG_ENABLE_OBJC_WEAK = YES;
				CLANG_WARN_BLOCK_CAPTURE_AUTORELEASING = YES;
				CLANG_WARN_BOOL_CONVERSION = YES;
				CLANG_WARN_COMMA = YES;
				CLANG_WARN_CONSTANT_CONVERSION = YES;
				CLANG_WARN_DEPRECATED_OBJC_IMPLEMENTATIONS = YES;
				CLANG_WARN_DIRECT_OBJC_ISA_USAGE = YES_ERROR;
				CLANG_WARN_DOCUMENTATION_COMMENTS = YES;
				CLANG_WARN_EMPTY_BODY = YES;
				CLANG_WARN_ENUM_CONVERSION = YES;
				CLANG_WARN_INFINITE_RECURSION = YES;
				CLANG_WARN_INT_CONVERSION = YES;
				CLANG_WARN_NON_LITERAL_NULL_CONVERSION = YES;
				CLANG_WARN_OBJC_IMPLICIT_RETAIN_SELF = YES;
				CLANG_WARN_OBJC_LITERAL_CONVERSION = YES;
				CLANG_WARN_OBJC_ROOT_CLASS = YES_ERROR;
				CLANG_WARN_QUOTED_INCLUDE_IN_FRAMEWORK_HEADER = YES;
				CLANG_WARN_RANGE_LOOP_ANALYSIS = YES;
				CLANG_WARN_STRICT_PROTOTYPES = YES;
				CLANG_WARN_SUSPICIOUS_MOVE = YES;
				CLANG_WARN_UNGUARDED_AVAILABILITY = YES_AGGRESSIVE;
				CLANG_WARN_UNREACHABLE_CODE = YES;
				CLANG_WARN__DUPLICATE_METHOD_MATCH = YES;
				COPY_PHASE_STRIP = NO;
				DEBUG_INFORMATION_FORMAT = dwarf;
				ENABLE_STRICT_OBJC_MSGSEND = YES;
				ENABLE_TESTABILITY = YES;
				GCC_C_LANGUAGE_STANDARD = gnu11;
				GCC_DYNAMIC_NO_PIC = NO;
				GCC_NO_COMMON_BLOCKS = YES;
				GCC_OPTIMIZATION_LEVEL = 0;
				GCC_PREPROCESSOR_DEFINITIONS = (
					"DEBUG=1",
					"$(inherited)",
				);
				GCC_WARN_64_TO_32_BIT_CONVERSION = YES;
				GCC_WARN_ABOUT_RETURN_TYPE = YES_ERROR;
				GCC_WARN_UNDECLARED_SELECTOR = YES;
				GCC_WARN_UNINITIALIZED_AUTOS = YES_AGGRESSIVE;
				GCC_WARN_UNUSED_FUNCTION = YES;
				GCC_WARN_UNUSED_VARIABLE = YES;
				IPHONEOS_DEPLOYMENT_TARGET = 15.5;
				MTL_ENABLE_DEBUG_INFO = INCLUDE_SOURCE;
				MTL_FAST_MATH = YES;
				ONLY_ACTIVE_ARCH = YES;
				SDKROOT = iphoneos;
				SWIFT_ACTIVE_COMPILATION_CONDITIONS = DEBUG;
				SWIFT_OPTIMIZATION_LEVEL = "-Onone";
			};
			name = Debug;
		};
		A547D47B28A81D0200173BA8 /* Release */ = {
			isa = XCBuildConfiguration;
			buildSettings = {
				ALWAYS_SEARCH_USER_PATHS = NO;
				CLANG_ANALYZER_LOCALIZABILITY_NONLOCALIZED = YES;
				CLANG_ANALYZER_NONNULL = YES;
				CLANG_ANALYZER_NUMBER_OBJECT_CONVERSION = YES_AGGRESSIVE;
				CLANG_CXX_LANGUAGE_STANDARD = "gnu++17";
				CLANG_ENABLE_MODULES = YES;
				CLANG_ENABLE_OBJC_ARC = YES;
				CLANG_ENABLE_OBJC_WEAK = YES;
				CLANG_WARN_BLOCK_CAPTURE_AUTORELEASING = YES;
				CLANG_WARN_BOOL_CONVERSION = YES;
				CLANG_WARN_COMMA = YES;
				CLANG_WARN_CONSTANT_CONVERSION = YES;
				CLANG_WARN_DEPRECATED_OBJC_IMPLEMENTATIONS = YES;
				CLANG_WARN_DIRECT_OBJC_ISA_USAGE = YES_ERROR;
				CLANG_WARN_DOCUMENTATION_COMMENTS = YES;
				CLANG_WARN_EMPTY_BODY = YES;
				CLANG_WARN_ENUM_CONVERSION = YES;
				CLANG_WARN_INFINITE_RECURSION = YES;
				CLANG_WARN_INT_CONVERSION = YES;
				CLANG_WARN_NON_LITERAL_NULL_CONVERSION = YES;
				CLANG_WARN_OBJC_IMPLICIT_RETAIN_SELF = YES;
				CLANG_WARN_OBJC_LITERAL_CONVERSION = YES;
				CLANG_WARN_OBJC_ROOT_CLASS = YES_ERROR;
				CLANG_WARN_QUOTED_INCLUDE_IN_FRAMEWORK_HEADER = YES;
				CLANG_WARN_RANGE_LOOP_ANALYSIS = YES;
				CLANG_WARN_STRICT_PROTOTYPES = YES;
				CLANG_WARN_SUSPICIOUS_MOVE = YES;
				CLANG_WARN_UNGUARDED_AVAILABILITY = YES_AGGRESSIVE;
				CLANG_WARN_UNREACHABLE_CODE = YES;
				CLANG_WARN__DUPLICATE_METHOD_MATCH = YES;
				COPY_PHASE_STRIP = NO;
				DEBUG_INFORMATION_FORMAT = "dwarf-with-dsym";
				ENABLE_NS_ASSERTIONS = NO;
				ENABLE_STRICT_OBJC_MSGSEND = YES;
				GCC_C_LANGUAGE_STANDARD = gnu11;
				GCC_NO_COMMON_BLOCKS = YES;
				GCC_WARN_64_TO_32_BIT_CONVERSION = YES;
				GCC_WARN_ABOUT_RETURN_TYPE = YES_ERROR;
				GCC_WARN_UNDECLARED_SELECTOR = YES;
				GCC_WARN_UNINITIALIZED_AUTOS = YES_AGGRESSIVE;
				GCC_WARN_UNUSED_FUNCTION = YES;
				GCC_WARN_UNUSED_VARIABLE = YES;
				IPHONEOS_DEPLOYMENT_TARGET = 15.5;
				MTL_ENABLE_DEBUG_INFO = NO;
				MTL_FAST_MATH = YES;
				SDKROOT = iphoneos;
				SWIFT_COMPILATION_MODE = wholemodule;
				SWIFT_OPTIMIZATION_LEVEL = "-O";
				VALIDATE_PRODUCT = YES;
			};
			name = Release;
		};
		A547D47D28A81D0200173BA8 /* Debug */ = {
			isa = XCBuildConfiguration;
			baseConfigurationReference = 214843824417410227A0911F /* Pods-EventNote.debug.xcconfig */;
			buildSettings = {
				ASSETCATALOG_COMPILER_APPICON_NAME = AppIcon;
				ASSETCATALOG_COMPILER_GLOBAL_ACCENT_COLOR_NAME = AccentColor;
				CODE_SIGN_STYLE = Automatic;
				CURRENT_PROJECT_VERSION = 1;
				DEVELOPMENT_TEAM = H32J47ML7Z;
				GENERATE_INFOPLIST_FILE = YES;
				INFOPLIST_FILE = EventNote/Info.plist;
				INFOPLIST_KEY_NSLocationAlwaysAndWhenInUseUsageDescription = "Allow access your location when in use";
				INFOPLIST_KEY_NSLocationWhenInUseUsageDescription = "Allow access your location when in foreground";
				INFOPLIST_KEY_UIApplicationSupportsIndirectInputEvents = YES;
				INFOPLIST_KEY_UILaunchStoryboardName = LaunchScreen;
				INFOPLIST_KEY_UIRequiresFullScreen = YES;
				INFOPLIST_KEY_UISupportedInterfaceOrientations = UIInterfaceOrientationPortrait;
				IPHONEOS_DEPLOYMENT_TARGET = 16.0;
				LD_RUNPATH_SEARCH_PATHS = (
					"$(inherited)",
					"@executable_path/Frameworks",
				);
				MARKETING_VERSION = 1.0;
				PRODUCT_BUNDLE_IDENTIFIER = com.example.EventNote;
				PRODUCT_NAME = "$(TARGET_NAME)";
				SWIFT_EMIT_LOC_STRINGS = YES;
				SWIFT_VERSION = 5.0;
				TARGETED_DEVICE_FAMILY = "1,2";
			};
			name = Debug;
		};
		A547D47E28A81D0200173BA8 /* Release */ = {
			isa = XCBuildConfiguration;
			baseConfigurationReference = E4E3D2E7E9EDC120441B0F0C /* Pods-EventNote.release.xcconfig */;
			buildSettings = {
				ASSETCATALOG_COMPILER_APPICON_NAME = AppIcon;
				ASSETCATALOG_COMPILER_GLOBAL_ACCENT_COLOR_NAME = AccentColor;
				CODE_SIGN_STYLE = Automatic;
				CURRENT_PROJECT_VERSION = 1;
				DEVELOPMENT_TEAM = H32J47ML7Z;
				GENERATE_INFOPLIST_FILE = YES;
				INFOPLIST_FILE = EventNote/Info.plist;
				INFOPLIST_KEY_NSLocationAlwaysAndWhenInUseUsageDescription = "Allow access your location when in use";
				INFOPLIST_KEY_NSLocationWhenInUseUsageDescription = "Allow access your location when in foreground";
				INFOPLIST_KEY_UIApplicationSupportsIndirectInputEvents = YES;
				INFOPLIST_KEY_UILaunchStoryboardName = LaunchScreen;
				INFOPLIST_KEY_UIRequiresFullScreen = YES;
				INFOPLIST_KEY_UISupportedInterfaceOrientations = UIInterfaceOrientationPortrait;
				IPHONEOS_DEPLOYMENT_TARGET = 16.0;
				LD_RUNPATH_SEARCH_PATHS = (
					"$(inherited)",
					"@executable_path/Frameworks",
				);
				MARKETING_VERSION = 1.0;
				PRODUCT_BUNDLE_IDENTIFIER = com.example.EventNote;
				PRODUCT_NAME = "$(TARGET_NAME)";
				SWIFT_EMIT_LOC_STRINGS = YES;
				SWIFT_VERSION = 5.0;
				TARGETED_DEVICE_FAMILY = "1,2";
			};
			name = Release;
		};
/* End XCBuildConfiguration section */

/* Begin XCConfigurationList section */
		A547D46028A81D0000173BA8 /* Build configuration list for PBXProject "EventNote" */ = {
			isa = XCConfigurationList;
			buildConfigurations = (
				A547D47A28A81D0200173BA8 /* Debug */,
				A547D47B28A81D0200173BA8 /* Release */,
			);
			defaultConfigurationIsVisible = 0;
			defaultConfigurationName = Release;
		};
		A547D47C28A81D0200173BA8 /* Build configuration list for PBXNativeTarget "EventNote" */ = {
			isa = XCConfigurationList;
			buildConfigurations = (
				A547D47D28A81D0200173BA8 /* Debug */,
				A547D47E28A81D0200173BA8 /* Release */,
			);
			defaultConfigurationIsVisible = 0;
			defaultConfigurationName = Release;
		};
/* End XCConfigurationList section */

/* Begin XCVersionGroup section */
		A547D47128A81D0000173BA8 /* EventNote.xcdatamodeld */ = {
			isa = XCVersionGroup;
			children = (
				A547D47228A81D0000173BA8 /* EventNote.xcdatamodel */,
			);
			currentVersion = A547D47228A81D0000173BA8 /* EventNote.xcdatamodel */;
			path = EventNote.xcdatamodeld;
			sourceTree = "<group>";
			versionGroupType = wrapper.xcdatamodel;
		};
/* End XCVersionGroup section */
	};
	rootObject = A547D45D28A81D0000173BA8 /* Project object */;
}
